{
  "name": "homebrew-action",
  "version": "1.0.0",
  "lockfileVersion": 3,
  "requires": true,
  "packages": {
    "": {
      "name": "homebrew-action",
      "version": "1.0.0",
      "hasInstallScript": true,
      "dependencies": {
        "lodash": "1.0.0"
      }
    },
    "node_modules/lodash": {
      "version": "1.0.0",
      "resolved": "https://registry.npmjs.org/lodash/-/lodash-1.0.0.tgz",
      "integrity": "sha512-WHDYO0qSDoEe4PJznK52IoMBj2szpaTUnG6iJarwjeW0LymFN46KNDoiOLOt4OS78e1e+A9jQrfbMNxue6l3GQ==",
      "engines": [
        "node",
        "rhino"
      ],
      "license": "MIT"
    }
  }
}
